version: 6
environments:
  default:
    channels:
    - url: https://conda.anaconda.org/conda-forge/
    packages:
      osx-arm64:
      - conda: https://conda.anaconda.org/conda-forge/osx-arm64/ampl-asl-1.0.0-h286801f_2.conda
      - conda: https://conda.anaconda.org/conda-forge/osx-arm64/bzip2-1.0.8-h99b78c6_7.conda
      - conda: https://conda.anaconda.org/conda-forge/osx-arm64/ca-certificates-2025.1.31-hf0a4a13_0.conda
      - conda: https://conda.anaconda.org/conda-forge/osx-arm64/casadi-3.7.0-py312h6d46616_1.conda
      - conda: https://conda.anaconda.org/conda-forge/osx-arm64/ipopt-3.14.17-h3e4dc2c_0.conda
      - conda: https://conda.anaconda.org/conda-forge/osx-arm64/libblas-3.9.0-31_h10e41b3_openblas.conda
      - conda: https://conda.anaconda.org/conda-forge/osx-arm64/libblasfeo-0.1.4.2-h37ef02a_0.conda
      - conda: https://conda.anaconda.org/conda-forge/osx-arm64/libcblas-3.9.0-31_hb3479ef_openblas.conda
      - conda: https://conda.anaconda.org/conda-forge/osx-arm64/libcxx-20.1.2-ha82da77_0.conda
      - conda: https://conda.anaconda.org/conda-forge/osx-arm64/libexpat-2.7.0-h286801f_0.conda
      - conda: https://conda.anaconda.org/conda-forge/osx-arm64/libfatrop-0.0.4-h286801f_1.conda
      - conda: https://conda.anaconda.org/conda-forge/osx-arm64/libffi-3.4.6-h1da3d7d_1.conda
      - conda: https://conda.anaconda.org/conda-forge/osx-arm64/libgfortran-14.2.0-heb5dd2a_105.conda
      - conda: https://conda.anaconda.org/conda-forge/osx-arm64/libgfortran5-14.2.0-h2c44a93_105.conda
      - conda: https://conda.anaconda.org/conda-forge/osx-arm64/liblapack-3.9.0-31_hc9a63f6_openblas.conda
      - conda: https://conda.anaconda.org/conda-forge/osx-arm64/liblzma-5.8.1-h39f12f2_0.conda
      - conda: https://conda.anaconda.org/conda-forge/osx-arm64/libopenblas-0.3.29-openmp_hf332438_0.conda
      - conda: https://conda.anaconda.org/conda-forge/osx-arm64/libosqp-0.6.3-h5833ebf_1.conda
      - conda: https://conda.anaconda.org/conda-forge/osx-arm64/libqdldl-0.1.7-hb7217d7_0.conda
      - conda: https://conda.anaconda.org/conda-forge/osx-arm64/libscotch-7.0.6-he56f69b_1.conda
      - conda: https://conda.anaconda.org/conda-forge/osx-arm64/libsqlite-3.49.1-h3f77e49_2.conda
      - conda: https://conda.anaconda.org/conda-forge/osx-arm64/libzlib-1.3.1-h8359307_2.conda
      - conda: https://conda.anaconda.org/conda-forge/osx-arm64/llvm-openmp-20.1.2-hdb05f8b_0.conda
      - conda: https://conda.anaconda.org/conda-forge/osx-arm64/metis-5.1.0-h15f6cfe_1007.conda
      - conda: https://conda.anaconda.org/conda-forge/osx-arm64/mumps-include-5.7.3-h8c5b6c6_9.conda
      - conda: https://conda.anaconda.org/conda-forge/osx-arm64/mumps-seq-5.7.3-h29d90bc_9.conda
      - conda: https://conda.anaconda.org/conda-forge/osx-arm64/ncurses-6.5-h5e97a16_3.conda
      - conda: https://conda.anaconda.org/conda-forge/osx-arm64/numpy-2.2.4-py312h7c1f314_0.conda
      - conda: https://conda.anaconda.org/conda-forge/osx-arm64/openssl-3.5.0-h81ee809_0.conda
      - conda: https://conda.anaconda.org/conda-forge/noarch/ply-3.11-pyhd8ed1ab_3.conda
      - conda: https://conda.anaconda.org/conda-forge/osx-arm64/pyomo-6.9.1-py312hd8f9ff3_1.conda
      - conda: https://conda.anaconda.org/conda-forge/osx-arm64/python-3.12.10-hc22306f_0_cpython.conda
      - conda: https://conda.anaconda.org/conda-forge/osx-arm64/python_abi-3.12-6_cp312.conda
      - conda: https://conda.anaconda.org/conda-forge/osx-arm64/readline-8.2-h1d1bf99_2.conda
      - conda: https://conda.anaconda.org/conda-forge/noarch/setuptools-78.1.0-pyhff2d567_0.conda
      - conda: https://conda.anaconda.org/conda-forge/osx-arm64/tinyxml2-11.0.0-ha1acc90_0.conda
      - conda: https://conda.anaconda.org/conda-forge/osx-arm64/tk-8.6.13-h5083fa2_1.conda
      - conda: https://conda.anaconda.org/conda-forge/noarch/tzdata-2025b-h78e105d_0.conda
packages:
- conda: https://conda.anaconda.org/conda-forge/osx-arm64/ampl-asl-1.0.0-h286801f_2.conda
  sha256: 47a5da6cd38a32c086017a5d2ed2b67e0cc24e25268a9c4cc91ea7d8f1cb9507
  md5: bb25b8fa2b28474412dda4e1a95853b4
  depends:
  - __osx >=11.0
  - libcxx >=18
  constrains:
  - ampl-mp >=4.0.0
  arch: arm64
  platform: osx
  license: BSD-3-Clause AND SMLNJ
  size: 411989
  timestamp: 1732439500161
- conda: https://conda.anaconda.org/conda-forge/osx-arm64/bzip2-1.0.8-h99b78c6_7.conda
  sha256: adfa71f158cbd872a36394c56c3568e6034aa55c623634b37a4836bd036e6b91
  md5: fc6948412dbbbe9a4c9ddbbcfe0a79ab
  depends:
  - __osx >=11.0
  arch: arm64
  platform: osx
  license: bzip2-1.0.6
  license_family: BSD
  size: 122909
  timestamp: 1720974522888
- conda: https://conda.anaconda.org/conda-forge/osx-arm64/ca-certificates-2025.1.31-hf0a4a13_0.conda
  sha256: 7e12816618173fe70f5c638b72adf4bfd4ddabf27794369bb17871c5bb75b9f9
  md5: 3569d6a9141adc64d2fe4797f3289e06
  arch: arm64
  platform: osx
  license: ISC
  size: 158425
  timestamp: 1738298167688
- conda: https://conda.anaconda.org/conda-forge/osx-arm64/casadi-3.7.0-py312h6d46616_1.conda
  sha256: 1eb79b6ce595bacfdb59cc8dd69d0fa240f430640749fd8b9eec6d892909c9a0
  md5: fc3e7f56bbe97c47eaf3a27c823e8a3f
  depends:
  - __osx >=11.0
  - ipopt >=3.14.17,<3.14.18.0a0
  - libblas >=3.9.0,<4.0a0
  - libblasfeo >=0.1.4.2,<0.1.5.0a0
  - libcblas >=3.9.0,<4.0a0
  - libcxx >=18
  - libfatrop >=0.0.4,<0.0.5.0a0
  - libgfortran >=5
  - libgfortran5 >=13.3.0
  - libgfortran5 >=14.2.0
  - liblapack >=3.9.0,<4.0a0
  - libosqp >=0.6.3,<0.6.4.0a0
  - numpy >=1.19,<3
  - python >=3.12,<3.13.0a0
  - python >=3.12,<3.13.0a0 *_cpython
  - python_abi 3.12.* *_cp312
  - tinyxml2 >=11.0.0,<11.1.0a0
  arch: arm64
  platform: osx
  license: LGPL-3.0-or-later
  license_family: LGPL
  size: 4690294
  timestamp: 1743658358219
- conda: https://conda.anaconda.org/conda-forge/osx-arm64/ipopt-3.14.17-h3e4dc2c_0.conda
  sha256: df3d48e6ce44d3e2484377cd0b5c4d5f9c7285bfeca2ac34eb463b218f9ff77b
  md5: af3cbc0bc8263888744a4530e87f24c0
  depends:
  - __osx >=11.0
  - ampl-asl >=1.0.0,<1.0.1.0a0
  - libblas >=3.9.0,<4.0a0
  - libcxx >=18
  - libgfortran >=5
  - libgfortran5 >=13.2.0
  - liblapack >=3.9.0,<4.0a0
  - mumps-seq >=5.7.3,<5.7.4.0a0
  arch: arm64
  platform: osx
  license: EPL-1.0
  size: 726576
  timestamp: 1734357440818
- conda: https://conda.anaconda.org/conda-forge/osx-arm64/libblas-3.9.0-31_h10e41b3_openblas.conda
  build_number: 31
  sha256: 369586e7688b59b4f92c709b99d847d66d4d095425db327dd32ee5e6ab74697f
  md5: 39b053da5e7035c6592102280aa7612a
  depends:
  - libopenblas >=0.3.29,<0.3.30.0a0
  - libopenblas >=0.3.29,<1.0a0
  constrains:
  - liblapacke =3.9.0=31*_openblas
  - libcblas =3.9.0=31*_openblas
  - blas =2.131=openblas
  - mkl <2025
  - liblapack =3.9.0=31*_openblas
  arch: arm64
  platform: osx
  license: BSD-3-Clause
  license_family: BSD
  size: 17123
  timestamp: 1740088119350
- conda: https://conda.anaconda.org/conda-forge/osx-arm64/libblasfeo-0.1.4.2-h37ef02a_0.conda
  sha256: 406885b43c417025be9b2cdb541fa5a0f5426efbbf109d42ac5126efb5d3608d
  md5: db8bf9db5c73a85b195f5c973f5514bf
  depends:
  - __osx >=11.0
  arch: arm64
  platform: osx
  license: BSD-2-Clause
  license_family: BSD
  size: 509787
  timestamp: 1740067975938
- conda: https://conda.anaconda.org/conda-forge/osx-arm64/libcblas-3.9.0-31_hb3479ef_openblas.conda
  build_number: 31
  sha256: f237486cc9118d09d0f3ff8820280de34365f98ee7b7dc5ab923b04c7cbf25a5
  md5: 7353c2bf0e90834cb70545671996d871
  depends:
  - libblas 3.9.0 31_h10e41b3_openblas
  constrains:
  - liblapacke =3.9.0=31*_openblas
  - blas =2.131=openblas
  - liblapack =3.9.0=31*_openblas
  arch: arm64
  platform: osx
  license: BSD-3-Clause
  license_family: BSD
  size: 17032
  timestamp: 1740088127097
- conda: https://conda.anaconda.org/conda-forge/osx-arm64/libcxx-20.1.2-ha82da77_0.conda
  sha256: e3ad5ba1ff49f988c1476f47f395499e841bdd8eafc3908cb1b64daae3a83f3b
  md5: 85ea0d49eb61f57e02ce98dc29ca161f
  depends:
  - __osx >=11.0
  arch: arm64
  platform: osx
  license: Apache-2.0 WITH LLVM-exception
  license_family: Apache
  size: 566452
  timestamp: 1743573280445
- conda: https://conda.anaconda.org/conda-forge/osx-arm64/libexpat-2.7.0-h286801f_0.conda
  sha256: ee550e44765a7bbcb2a0216c063dcd53ac914a7be5386dd0554bd06e6be61840
  md5: 6934bbb74380e045741eb8637641a65b
  depends:
  - __osx >=11.0
  constrains:
  - expat 2.7.0.*
  arch: arm64
  platform: osx
  license: MIT
  license_family: MIT
  size: 65714
  timestamp: 1743431789879
- conda: https://conda.anaconda.org/conda-forge/osx-arm64/libfatrop-0.0.4-h286801f_1.conda
  sha256: ff193f966ee33546a297abe02e49b57ba2b728d4706cec9cf3898dc8ca81e3ee
  md5: 00cb2b510ea71f73263e59e8253d0720
  depends:
  - __osx >=11.0
  - libblasfeo >=0.1.4.1,<0.1.5.0a0
  - libcxx >=18
  arch: arm64
  platform: osx
  license: LGPL-3.0-or-later
  license_family: LGPL
  size: 195859
  timestamp: 1736273349013
- conda: https://conda.anaconda.org/conda-forge/osx-arm64/libffi-3.4.6-h1da3d7d_1.conda
  sha256: c6a530924a9b14e193ea9adfe92843de2a806d1b7dbfd341546ece9653129e60
  md5: c215a60c2935b517dcda8cad4705734d
  depends:
  - __osx >=11.0
  arch: arm64
  platform: osx
  license: MIT
  license_family: MIT
  size: 39839
  timestamp: 1743434670405
- conda: https://conda.anaconda.org/conda-forge/osx-arm64/libgfortran-14.2.0-heb5dd2a_105.conda
  sha256: 6ca48762c330d1cdbdaa450f197ccc16ffb7181af50d112b4ccf390223d916a1
  md5: ad35937216e65cfeecd828979ee5e9e6
  depends:
  - libgfortran5 14.2.0 h2c44a93_105
  arch: arm64
  platform: osx
  license: GPL-3.0-only WITH GCC-exception-3.1
  license_family: GPL
  size: 155474
  timestamp: 1743913530958
- conda: https://conda.anaconda.org/conda-forge/osx-arm64/libgfortran5-14.2.0-h2c44a93_105.conda
  sha256: de09987e1080f71e2285deec45ccb949c2620a672b375029534fbb878e471b22
  md5: 06f35a3b1479ec55036e1c9872f97f2c
  depends:
  - llvm-openmp >=8.0.0
  constrains:
  - libgfortran 14.2.0
  arch: arm64
  platform: osx
  license: GPL-3.0-only WITH GCC-exception-3.1
  license_family: GPL
  size: 806283
  timestamp: 1743913488925
- conda: https://conda.anaconda.org/conda-forge/osx-arm64/liblapack-3.9.0-31_hc9a63f6_openblas.conda
  build_number: 31
  sha256: fe55b9aaf82c6c0192c3d1fcc9b8e884f97492dda9a8de5dae29334b3135fab5
  md5: ff57a55a2cbce171ef5707fb463caf19
  depends:
  - libblas 3.9.0 31_h10e41b3_openblas
  constrains:
  - liblapacke =3.9.0=31*_openblas
  - libcblas =3.9.0=31*_openblas
  - blas =2.131=openblas
  arch: arm64
  platform: osx
  license: BSD-3-Clause
  license_family: BSD
  size: 17033
  timestamp: 1740088134988
- conda: https://conda.anaconda.org/conda-forge/osx-arm64/liblzma-5.8.1-h39f12f2_0.conda
  sha256: 4291dde55ebe9868491dc29716b84ac3de21b8084cbd4d05c9eea79d206b8ab7
  md5: ba24e6f25225fea3d5b6912e2ac562f8
  depends:
  - __osx >=11.0
  arch: arm64
  platform: osx
  license: 0BSD
  size: 92295
  timestamp: 1743771392206
- conda: https://conda.anaconda.org/conda-forge/osx-arm64/libopenblas-0.3.29-openmp_hf332438_0.conda
  sha256: 8989d9e01ec8c9b2d48dbb5efbe70b356fcd15990fb53b64fcb84798982c0343
  md5: 0cd1148c68f09027ee0b0f0179f77c30
  depends:
  - __osx >=11.0
  - libgfortran >=5
  - libgfortran5 >=13.2.0
  - llvm-openmp >=18.1.8
  constrains:
  - openblas >=0.3.29,<0.3.30.0a0
  arch: arm64
  platform: osx
  license: BSD-3-Clause
  license_family: BSD
  size: 4168442
  timestamp: 1739825514918
- conda: https://conda.anaconda.org/conda-forge/osx-arm64/libosqp-0.6.3-h5833ebf_1.conda
  sha256: 05740cc58df7a9c966a277331dea1987db485508c0a35d2ac9ef562f8061df06
  md5: 7b4c6d7f35e9fe945e810e213d21b942
  depends:
  - __osx >=11.0
  - libcxx >=17
  - libqdldl >=0.1.7,<0.1.8.0a0
  arch: arm64
  platform: osx
  license: Apache-2.0
  license_family: APACHE
  size: 360361
  timestamp: 1729342406705
- conda: https://conda.anaconda.org/conda-forge/osx-arm64/libqdldl-0.1.7-hb7217d7_0.conda
  sha256: 39bb718bca8ce87afdc592d857944ba39bfac54c31a1de4d669597b52bc668ea
  md5: b4df6812b4ab33c1a520287f46d91220
  depends:
  - libcxx >=14.0.6
  arch: arm64
  platform: osx
  license: Apache-2.0
  license_family: APACHE
  size: 17189
  timestamp: 1680741853527
- conda: https://conda.anaconda.org/conda-forge/osx-arm64/libscotch-7.0.6-he56f69b_1.conda
  sha256: b616a5943501e35f32699b5f29d4216a3a94bfca87b9ae30feda89a9fa5c2f7a
  md5: 291ffb6a18b7e35bf42a317cc6856348
  depends:
  - __osx >=11.0
  - bzip2 >=1.0.8,<2.0a0
  - libgfortran >=5
  - libgfortran5 >=13.2.0
  - liblzma >=5.6.3,<6.0a0
  - libzlib >=1.3.1,<2.0a0
  arch: arm64
  platform: osx
  license: CECILL-C
  size: 273604
  timestamp: 1737537249207
- conda: https://conda.anaconda.org/conda-forge/osx-arm64/libsqlite-3.49.1-h3f77e49_2.conda
  sha256: 907a95f73623c343fc14785cbfefcb7a6b4f2bcf9294fcb295c121611c3a590d
  md5: 3b1e330d775170ac46dff9a94c253bd0
  depends:
  - __osx >=11.0
  - libzlib >=1.3.1,<2.0a0
  arch: arm64
  platform: osx
  license: Unlicense
  size: 900188
  timestamp: 1742083865246
- conda: https://conda.anaconda.org/conda-forge/osx-arm64/libzlib-1.3.1-h8359307_2.conda
  sha256: ce34669eadaba351cd54910743e6a2261b67009624dbc7daeeafdef93616711b
  md5: 369964e85dc26bfe78f41399b366c435
  depends:
  - __osx >=11.0
  constrains:
  - zlib 1.3.1 *_2
  arch: arm64
  platform: osx
  license: Zlib
  license_family: Other
  size: 46438
  timestamp: 1727963202283
- conda: https://conda.anaconda.org/conda-forge/osx-arm64/llvm-openmp-20.1.2-hdb05f8b_0.conda
  sha256: 3510c986f94d8baf8bfef834c0a4fa9f059dbaa5940abe59c60342761fb77e27
  md5: 922f10fcb42090cdb0b74340dee96c08
  depends:
  - __osx >=11.0
  constrains:
  - openmp 20.1.2|20.1.2.*
  arch: arm64
  platform: osx
  license: Apache-2.0 WITH LLVM-exception
  license_family: APACHE
  size: 282406
  timestamp: 1743660065194
- conda: https://conda.anaconda.org/conda-forge/osx-arm64/metis-5.1.0-h15f6cfe_1007.conda
  sha256: f54ad3e5d47a0235ba2830848fee590faad550639336fe1e2413ab16fee7ac39
  md5: 7687ec5796288536947bf616179726d8
  depends:
  - __osx >=11.0
  arch: arm64
  platform: osx
  license: Apache-2.0
  license_family: APACHE
  size: 3898314
  timestamp: 1728064659078
- conda: https://conda.anaconda.org/conda-forge/osx-arm64/mumps-include-5.7.3-h8c5b6c6_9.conda
  sha256: f9b7760dc84abcdab557959b356073224c84a4e12765722f3d99a3eb43377780
  md5: 558b84eda21ff476b520916b36a343d3
  arch: arm64
  platform: osx
  license: CECILL-C
  size: 20800
  timestamp: 1742217819438
- conda: https://conda.anaconda.org/conda-forge/osx-arm64/mumps-seq-5.7.3-h29d90bc_9.conda
  sha256: fc030116ee9083610077a382b379f1c782ef6e3531226dae64bacf85ea6111e5
  md5: f4059b9b2cec69451420cd39ad518887
  depends:
  - mumps-include ==5.7.3 h8c5b6c6_9
  - libgfortran >=5
  - libgfortran5 >=13.2.0
  - llvm-openmp >=18.1.8
  - __osx >=11.0
  - libscotch >=7.0.6,<7.0.7.0a0
  - liblapack >=3.9.0,<4.0a0
  - metis >=5.1.0,<5.1.1.0a0
  - libblas >=3.9.0,<4.0a0
  constrains:
  - libopenblas * *openmp*
  arch: arm64
  platform: osx
  license: CECILL-C
  size: 2689399
  timestamp: 1742217819440
- conda: https://conda.anaconda.org/conda-forge/osx-arm64/ncurses-6.5-h5e97a16_3.conda
  sha256: 2827ada40e8d9ca69a153a45f7fd14f32b2ead7045d3bbb5d10964898fe65733
  md5: 068d497125e4bf8a66bf707254fff5ae
  depends:
  - __osx >=11.0
  arch: arm64
  platform: osx
  license: X11 AND BSD-3-Clause
  size: 797030
  timestamp: 1738196177597
- conda: https://conda.anaconda.org/conda-forge/osx-arm64/numpy-2.2.4-py312h7c1f314_0.conda
  sha256: 68eafd2b7beca8467fe84a8a03767680be686d601a0771d3414c7019f3302ee0
  md5: 001a57e8f4cc0c12841d341b94ef8787
  depends:
  - __osx >=11.0
  - libblas >=3.9.0,<4.0a0
  - libcblas >=3.9.0,<4.0a0
  - libcxx >=18
  - liblapack >=3.9.0,<4.0a0
  - python >=3.12,<3.13.0a0
  - python >=3.12,<3.13.0a0 *_cpython
  - python_abi 3.12.* *_cp312
  constrains:
  - numpy-base <0a0
  arch: arm64
  platform: osx
  license: BSD-3-Clause
  license_family: BSD
  size: 6559671
  timestamp: 1742255398662
- conda: https://conda.anaconda.org/conda-forge/osx-arm64/openssl-3.5.0-h81ee809_0.conda
  sha256: 53f825acb8d3e13bdad5c869f6dc7df931941450eea7f6473b955b0aaea1a399
  md5: 3d2936da7e240d24c656138e07fa2502
  depends:
  - __osx >=11.0
  - ca-certificates
  arch: arm64
  platform: osx
  license: Apache-2.0
  license_family: Apache
  size: 3067649
  timestamp: 1744132084304
- conda: https://conda.anaconda.org/conda-forge/noarch/ply-3.11-pyhd8ed1ab_3.conda
  sha256: bae453e5cecf19cab23c2e8929c6e30f4866d996a8058be16c797ed4b935461f
  md5: fd5062942bfa1b0bd5e0d2a4397b099e
  depends:
  - python >=3.9
  license: BSD-3-Clause
  license_family: BSD
  size: 49052
  timestamp: 1733239818090
- conda: https://conda.anaconda.org/conda-forge/osx-arm64/pyomo-6.9.1-py312hd8f9ff3_1.conda
  sha256: 62b7338b67dec1230743dd74edc8b055530cc0ecf76d9cd41234017b10a1f3fc
  md5: 8ebebe4c660e8c6e8e43eb2722bdf80b
  depends:
  - __osx >=11.0
  - libcxx >=18
  - ply
  - python >=3.12,<3.13.0a0
  - python >=3.12,<3.13.0a0 *_cpython
  - python_abi 3.12.* *_cp312
  - setuptools
  arch: arm64
  platform: osx
  license: BSD-3-Clause
  license_family: BSD
  size: 7334051
  timestamp: 1741200747298
- conda: https://conda.anaconda.org/conda-forge/osx-arm64/python-3.12.10-hc22306f_0_cpython.conda
  sha256: 69aed911271e3f698182e9a911250b05bdf691148b670a23e0bea020031e298e
  md5: c88f1a7e1e7b917d9c139f03b0960fea
  depends:
  - __osx >=11.0
  - bzip2 >=1.0.8,<2.0a0
  - libexpat >=2.7.0,<3.0a0
  - libffi >=3.4.6,<3.5.0a0
  - liblzma >=5.8.1,<6.0a0
  - libsqlite >=3.49.1,<4.0a0
  - libzlib >=1.3.1,<2.0a0
  - ncurses >=6.5,<7.0a0
  - openssl >=3.5.0,<4.0a0
  - readline >=8.2,<9.0a0
  - tk >=8.6.13,<8.7.0a0
  - tzdata
  constrains:
  - python_abi 3.12.* *_cp312
  arch: arm64
  platform: osx
  license: Python-2.0
  size: 12932743
  timestamp: 1744323815320
- conda: https://conda.anaconda.org/conda-forge/osx-arm64/python_abi-3.12-6_cp312.conda
  build_number: 6
  sha256: 5ed89c380e790b07f9a2e27de39445d2209fcdeb304577bc910884922648acc0
  md5: 3d84f3f8c97233b20d64019d3b9aea97
  constrains:
  - python 3.12.* *_cpython
  arch: arm64
  platform: osx
  license: BSD-3-Clause
  license_family: BSD
  size: 6937
  timestamp: 1743483237548
- conda: https://conda.anaconda.org/conda-forge/osx-arm64/readline-8.2-h1d1bf99_2.conda
  sha256: 7db04684d3904f6151eff8673270922d31da1eea7fa73254d01c437f49702e34
  md5: 63ef3f6e6d6d5c589e64f11263dc5676
  depends:
  - ncurses >=6.5,<7.0a0
  arch: arm64
  platform: osx
  license: GPL-3.0-only
  license_family: GPL
  size: 252359
  timestamp: 1740379663071
- conda: https://conda.anaconda.org/conda-forge/noarch/setuptools-78.1.0-pyhff2d567_0.conda
  sha256: d4c74d2140f2fbc72fe5320cbd65f3fd1d1f7832ab4d7825c37c38ab82440ae2
  md5: a42da9837e46c53494df0044c3eb1f53
  depends:
  - python >=3.9
  license: MIT
  license_family: MIT
  size: 786557
  timestamp: 1743775941985
- conda: https://conda.anaconda.org/conda-forge/osx-arm64/tinyxml2-11.0.0-ha1acc90_0.conda
  sha256: bbd9294551ff727305f8335819c24d2490d5d79e0f3d90957992c39d2146093a
  md5: 6778d917f88222e8f27af8ec5c41f277
  depends:
  - __osx >=11.0
  - libcxx >=18
  arch: arm64
  platform: osx
  license: Zlib
  size: 122269
  timestamp: 1742246179980
- conda: https://conda.anaconda.org/conda-forge/osx-arm64/tk-8.6.13-h5083fa2_1.conda
  sha256: 72457ad031b4c048e5891f3f6cb27a53cb479db68a52d965f796910e71a403a8
  md5: b50a57ba89c32b62428b71a875291c9b
  depends:
  - libzlib >=1.2.13,<2.0.0a0
  arch: arm64
  platform: osx
  license: TCL
  license_family: BSD
  size: 3145523
  timestamp: 1699202432999
- conda: https://conda.anaconda.org/conda-forge/noarch/tzdata-2025b-h78e105d_0.conda
  sha256: 5aaa366385d716557e365f0a4e9c3fca43ba196872abbbe3d56bb610d131e192
  md5: 4222072737ccff51314b5ece9c7d6f5a
  license: LicenseRef-Public-Domain
  size: 122968
  timestamp: 1742727099393
